<?xml version="1.0" encoding="utf-8"?>
<Project ToolsVersion="4.0" xmlns="http://schemas.microsoft.com/developer/msbuild/2003">
  <ItemGroup>
    <Filter Include="temp">
      <UniqueIdentifier>{9B679E7C-879E-9F0D-308B-85101CA11B0F}</UniqueIdentifier>
    </Filter>
  </ItemGroup>
  <ItemGroup>
    <ClInclude Include="src\EditorLayer.h" />
    <ClInclude Include="src\Example.h" />
    <ClInclude Include="src\temp\PhysicsProject1.h">
      <Filter>temp</Filter>
    </ClInclude>
    <ClInclude Include="src\SceneManager.h" />
  </ItemGroup>
  <ItemGroup>
    <ClCompile Include="src\EditorLayer.cpp" />
    <ClCompile Include="src\VelEngineApp.cpp" />
    <ClCompile Include="src\temp\PhysicsProject1.cpp">
      <Filter>temp</Filter>
    </ClCompile>
    <ClCompile Include="src\SceneManager.cpp" />
  </ItemGroup>
</Project>