<?xml version="1.0" encoding="utf-8"?>
<Project ToolsVersion="4.0" xmlns="http://schemas.microsoft.com/developer/msbuild/2003">
  <ItemGroup>
    <Filter Include="vel">
      <UniqueIdentifier>{4CB6880B-B8BF-887C-413B-9F7CAD43947C}</UniqueIdentifier>
    </Filter>
    <Filter Include="vel\Events">
      <UniqueIdentifier>{B0D4E07E-9C8C-22CC-0594-FB27F16ABDBC}</UniqueIdentifier>
    </Filter>
  </ItemGroup>
  <ItemGroup>
    <ClInclude Include="src\Vel.h" />
    <ClInclude Include="src\vel\Application.h">
      <Filter>vel</Filter>
    </ClInclude>
    <ClInclude Include="src\vel\Core.h">
      <Filter>vel</Filter>
    </ClInclude>
    <ClInclude Include="src\vel\EntryPoint.h">
      <Filter>vel</Filter>
    </ClInclude>
    <ClInclude Include="src\vel\Events\ApplicationEvent.h">
      <Filter>vel\Events</Filter>
    </ClInclude>
    <ClInclude Include="src\vel\Events\Event.h">
      <Filter>vel\Events</Filter>
    </ClInclude>
    <ClInclude Include="src\vel\Events\KeyEvent.h">
      <Filter>vel\Events</Filter>
    </ClInclude>
    <ClInclude Include="src\vel\Events\MouseEvent.h">
      <Filter>vel\Events</Filter>
    </ClInclude>
    <ClInclude Include="src\vel\Log.h">
      <Filter>vel</Filter>
    </ClInclude>
    <ClInclude Include="src\velpch.h" />
    <ClInclude Include="src\vel\Window.h" />
    <ClInclude Include="src\vel\Platform\Windows\WindowsWindow.h" />
  </ItemGroup>
  <ItemGroup>
    <ClCompile Include="src\vel\Application.cpp">
      <Filter>vel</Filter>
    </ClCompile>
    <ClCompile Include="src\vel\Log.cpp">
      <Filter>vel</Filter>
    </ClCompile>
    <ClCompile Include="src\velpch.cpp" />
    <ClCompile Include="src\vel\Platform\Windows\WindowsWindow.cpp" />
  </ItemGroup>
</Project>